<?xml version="1.0" encoding="utf-8"?>
<Project ToolsVersion="4.0" xmlns="http://schemas.microsoft.com/developer/msbuild/2003">
  <ItemGroup>
    <Filter Include="Header Files">
      <UniqueIdentifier>{93995380-89BD-4b04-88EB-625FBE52EBFB}</UniqueIdentifier>
      <Extensions>h;hh;hpp;hxx;hm;inl;inc;xsd</Extensions>
    </Filter>
    <Filter Include="Resource Files">
      <UniqueIdentifier>{67DA6AB6-F800-4c08-8B7A-83BB121AAD01}</UniqueIdentifier>
      <Extensions>rc;ico;cur;bmp;dlg;rc2;rct;bin;rgs;gif;jpg;jpeg;jpe;resx;tiff;tif;png;wav;mfcribbon-ms</Extensions>
    </Filter>
  </ItemGroup>
  <ItemGroup>
    <ClInclude Include="parseArguments.hpp">
      <Filter>Header Files</Filter>
    </ClInclude>
    <ClInclude Include="Socket.hpp">
      <Filter>Header Files</Filter>
    </ClInclude>
    <ClInclude Include="SharedQueue.hpp">
      <Filter>Header Files</Filter>
    </ClInclude>
    <ClInclude Include="SharedVariable.hpp">
      <Filter>Header Files</Filter>
    </ClInclude>
    <ClInclude Include="HTTPSimple.hpp">
      <Filter>Header Files</Filter>
    </ClInclude>
    <ClInclude Include="TAGParser.hpp">
      <Filter>Header Files</Filter>
    </ClInclude>
    <ClInclude Include="Exception.hpp">
      <Filter>Header Files</Filter>
    </ClInclude>
  </ItemGroup>
  <ItemGroup>
    <ClCompile Include="parseArguments.cpp">
      <Filter>Resource Files</Filter>
    </ClCompile>
    <ClCompile Include="HTTPSimple.cpp">
      <Filter>Resource Files</Filter>
    </ClCompile>
    <ClCompile Include="Socket.cpp">
      <Filter>Resource Files</Filter>
    </ClCompile>
    <ClCompile Include="Source.cpp">
      <Filter>Resource Files</Filter>
    </ClCompile>
    <ClCompile Include="TAGParser.cpp">
      <Filter>Resource Files</Filter>
    </ClCompile>
  </ItemGroup>
</Project>